
Microsoft Visual Studio Solution File, Format Version 12.00
# Visual Studio Version 17
VisualStudioVersion = 17.13.35731.43 d17.13
MinimumVisualStudioVersion = 10.0.40219.1
Project("{FAE04EC0-301F-11D3-BF4B-00C04F79EFBC}") = "calculadoraSimples", "calculadoraSimples\calculadoraSimples.csproj", "{D0CA5E86-CCF4-4491-99F3-C7EBBC5155F3}"
EndProject
Global
	GlobalSection(SolutionConfigurationPlatforms) = preSolution
		Debug|Any CPU = Debug|Any CPU
		Release|Any CPU = Release|Any CPU
	EndGlobalSection
	GlobalSection(ProjectConfigurationPlatforms) = postSolution
		{D0CA5E86-CCF4-4491-99F3-C7EBBC5155F3}.Debug|Any CPU.ActiveCfg = Debug|Any CPU
		{D0CA5E86-CCF4-4491-99F3-C7EBBC5155F3}.Debug|Any CPU.Build.0 = Debug|Any CPU
		{D0CA5E86-CCF4-4491-99F3-C7EBBC5155F3}.Release|Any CPU.ActiveCfg = Release|Any CPU
		{D0CA5E86-CCF4-4491-99F3-C7EBBC5155F3}.Release|Any CPU.Build.0 = Release|Any CPU
	EndGlobalSection
	GlobalSection(SolutionProperties) = preSolution
		HideSolutionNode = FALSE
	EndGlobalSection
	GlobalSection(ExtensibilityGlobals) = postSolution
		SolutionGuid = {1A2CBD34-8674-4447-B56B-43D2DC4F7403}
	EndGlobalSection
EndGlobal
